
Microsoft Visual Studio Solution File, Format Version 12.00
# Visual Studio Version 17
VisualStudioVersion = 17.3.32929.385
MinimumVisualStudioVersion = 10.0.40219.1
Project("{C7167F0D-BC9F-4E6E-AFE1-012C56B48DB5}") = "rn77Example.Package", "rn77Example.Package\rn77Example.Package.wapproj", "{F83DD53F-338E-4DCF-9426-A16F4F4B3B9A}"
EndProject
Project("{8BC9CEB8-8B4A-11D0-8D11-00A0C91BC942}") = "rn77Example", "rn77Example\rn77Example.vcxproj", "{A1B0FCC2-0A73-42CD-9BBC-849A150FD97F}"
EndProject
Project("{8BC9CEB8-8B4A-11D0-8D11-00A0C91BC942}") = "rn77", "..\..\windows\rn77\rn77.vcxproj", "{1590F524-6D2F-46FE-9A06-1987F954F3C7}"
EndProject
Global
	GlobalSection(SolutionConfigurationPlatforms) = preSolution
		Debug|x64 = Debug|x64
		Debug|x86 = Debug|x86
		Debug|ARM64 = Debug|ARM64
		Release|x64 = Release|x64
		Release|x86 = Release|x86
		Release|ARM64 = Release|ARM64
	EndGlobalSection
	GlobalSection(ProjectConfigurationPlatforms) = postSolution
		{F83DD53F-338E-4DCF-9426-A16F4F4B3B9A}.Debug|x64.ActiveCfg = Debug|x64
		{F83DD53F-338E-4DCF-9426-A16F4F4B3B9A}.Debug|x64.Build.0 = Debug|x64
		{F83DD53F-338E-4DCF-9426-A16F4F4B3B9A}.Debug|x64.Deploy.0 = Debug|x64
		{F83DD53F-338E-4DCF-9426-A16F4F4B3B9A}.Debug|x86.ActiveCfg = Debug|x86
		{F83DD53F-338E-4DCF-9426-A16F4F4B3B9A}.Debug|x86.Build.0 = Debug|x86
		{F83DD53F-338E-4DCF-9426-A16F4F4B3B9A}.Debug|x86.Deploy.0 = Debug|x86
		{F83DD53F-338E-4DCF-9426-A16F4F4B3B9A}.Debug|ARM64.ActiveCfg = Debug|ARM64
		{F83DD53F-338E-4DCF-9426-A16F4F4B3B9A}.Debug|ARM64.Build.0 = Debug|ARM64
		{F83DD53F-338E-4DCF-9426-A16F4F4B3B9A}.Debug|ARM64.Deploy.0 = Debug|ARM64
		{F83DD53F-338E-4DCF-9426-A16F4F4B3B9A}.Release|x64.ActiveCfg = Release|x64
		{F83DD53F-338E-4DCF-9426-A16F4F4B3B9A}.Release|x64.Build.0 = Release|x64
		{F83DD53F-338E-4DCF-9426-A16F4F4B3B9A}.Release|x64.Deploy.0 = Release|x64
		{F83DD53F-338E-4DCF-9426-A16F4F4B3B9A}.Release|x86.ActiveCfg = Release|x86
		{F83DD53F-338E-4DCF-9426-A16F4F4B3B9A}.Release|x86.Build.0 = Release|x86
		{F83DD53F-338E-4DCF-9426-A16F4F4B3B9A}.Release|x86.Deploy.0 = Release|x86
		{F83DD53F-338E-4DCF-9426-A16F4F4B3B9A}.Release|ARM64.ActiveCfg = Release|ARM64
		{F83DD53F-338E-4DCF-9426-A16F4F4B3B9A}.Release|ARM64.Build.0 = Release|ARM64
		{F83DD53F-338E-4DCF-9426-A16F4F4B3B9A}.Release|ARM64.Deploy.0 = Release|ARM64
		{A1B0FCC2-0A73-42CD-9BBC-849A150FD97F}.Debug|x64.ActiveCfg = Debug|x64
		{A1B0FCC2-0A73-42CD-9BBC-849A150FD97F}.Debug|x64.Build.0 = Debug|x64
		{A1B0FCC2-0A73-42CD-9BBC-849A150FD97F}.Debug|x64.Deploy.0 = Debug|x64
		{A1B0FCC2-0A73-42CD-9BBC-849A150FD97F}.Debug|x86.ActiveCfg = Debug|Win32
		{A1B0FCC2-0A73-42CD-9BBC-849A150FD97F}.Debug|x86.Build.0 = Debug|Win32
		{A1B0FCC2-0A73-42CD-9BBC-849A150FD97F}.Debug|x86.Deploy.0 = Debug|Win32
		{A1B0FCC2-0A73-42CD-9BBC-849A150FD97F}.Debug|ARM64.ActiveCfg = Debug|ARM64
		{A1B0FCC2-0A73-42CD-9BBC-849A150FD97F}.Debug|ARM64.Build.0 = Debug|ARM64
		{A1B0FCC2-0A73-42CD-9BBC-849A150FD97F}.Debug|ARM64.Deploy.0 = Debug|ARM64
		{A1B0FCC2-0A73-42CD-9BBC-849A150FD97F}.Release|x64.ActiveCfg = Release|x64
		{A1B0FCC2-0A73-42CD-9BBC-849A150FD97F}.Release|x64.Build.0 = Release|x64
		{A1B0FCC2-0A73-42CD-9BBC-849A150FD97F}.Release|x64.Deploy.0 = Release|x64
		{A1B0FCC2-0A73-42CD-9BBC-849A150FD97F}.Release|x86.ActiveCfg = Release|Win32
		{A1B0FCC2-0A73-42CD-9BBC-849A150FD97F}.Release|x86.Build.0 = Release|Win32
		{A1B0FCC2-0A73-42CD-9BBC-849A150FD97F}.Release|x86.Deploy.0 = Release|Win32
		{A1B0FCC2-0A73-42CD-9BBC-849A150FD97F}.Release|ARM64.ActiveCfg = Release|ARM64
		{A1B0FCC2-0A73-42CD-9BBC-849A150FD97F}.Release|ARM64.Build.0 = Release|ARM64
		{A1B0FCC2-0A73-42CD-9BBC-849A150FD97F}.Release|ARM64.Deploy.0 = Release|ARM64
		{1590F524-6D2F-46FE-9A06-1987F954F3C7}.Debug|x64.ActiveCfg = Debug|x64
		{1590F524-6D2F-46FE-9A06-1987F954F3C7}.Debug|x64.Build.0 = Debug|x64
		{1590F524-6D2F-46FE-9A06-1987F954F3C7}.Debug|x86.ActiveCfg = Debug|Win32
		{1590F524-6D2F-46FE-9A06-1987F954F3C7}.Debug|x86.Build.0 = Debug|Win32
		{1590F524-6D2F-46FE-9A06-1987F954F3C7}.Debug|ARM64.ActiveCfg = Debug|ARM64
		{1590F524-6D2F-46FE-9A06-1987F954F3C7}.Debug|ARM64.Build.0 = Debug|ARM64
		{1590F524-6D2F-46FE-9A06-1987F954F3C7}.Release|x64.ActiveCfg = Release|x64
		{1590F524-6D2F-46FE-9A06-1987F954F3C7}.Release|x64.Build.0 = Release|x64
		{1590F524-6D2F-46FE-9A06-1987F954F3C7}.Release|x86.ActiveCfg = Release|Win32
		{1590F524-6D2F-46FE-9A06-1987F954F3C7}.Release|x86.Build.0 = Release|Win32
		{1590F524-6D2F-46FE-9A06-1987F954F3C7}.Release|ARM64.ActiveCfg = Release|ARM64
		{1590F524-6D2F-46FE-9A06-1987F954F3C7}.Release|ARM64.Build.0 = Release|ARM64
	EndGlobalSection
	GlobalSection(SolutionProperties) = preSolution
		HideSolutionNode = FALSE
	EndGlobalSection
	GlobalSection(ExtensibilityGlobals) = postSolution
		SolutionGuid = {D43FAD39-F619-437D-BB40-04A3982ACB6A}
	EndGlobalSection
EndGlobal
